
Microsoft Visual Studio Solution File, Format Version 12.00
# Visual Studio 15
VisualStudioVersion = 15.0.28307.539
MinimumVisualStudioVersion = 10.0.40219.1
Project("{FAE04EC0-301F-11D3-BF4B-00C04F79EFBC}") = "FunctionMaths", "FunctionMaths\FunctionMaths.csproj", "{819250C9-C27F-4EF2-A11C-DF945A3AC531}"
EndProject
Global
	GlobalSection(SolutionConfigurationPlatforms) = preSolution
		Debug|Any CPU = Debug|Any CPU
		Release|Any CPU = Release|Any CPU
	EndGlobalSection
	GlobalSection(ProjectConfigurationPlatforms) = postSolution
		{819250C9-C27F-4EF2-A11C-DF945A3AC531}.Debug|Any CPU.ActiveCfg = Debug|Any CPU
		{819250C9-C27F-4EF2-A11C-DF945A3AC531}.Debug|Any CPU.Build.0 = Debug|Any CPU
		{819250C9-C27F-4EF2-A11C-DF945A3AC531}.Release|Any CPU.ActiveCfg = Release|Any CPU
		{819250C9-C27F-4EF2-A11C-DF945A3AC531}.Release|Any CPU.Build.0 = Release|Any CPU
	EndGlobalSection
	GlobalSection(SolutionProperties) = preSolution
		HideSolutionNode = FALSE
	EndGlobalSection
	GlobalSection(ExtensibilityGlobals) = postSolution
		SolutionGuid = {310B18A0-5349-496E-BE34-43AC8DD1C3E0}
	EndGlobalSection
EndGlobal
